
Microsoft Visual Studio Solution File, Format Version 12.00
# Visual Studio Version 16
VisualStudioVersion = 16.0.29609.76
MinimumVisualStudioVersion = 10.0.40219.1
Project("{9A19103F-16F7-4668-BE54-9A1E7A4F7556}") = "WorkoutLog.API", "WorkoutLog.API\WorkoutLog.API.csproj", "{0E7F7C60-44DA-48ED-80F4-2012A7DC027E}"
EndProject
Global
	GlobalSection(SolutionConfigurationPlatforms) = preSolution
		Debug|Any CPU = Debug|Any CPU
		Release|Any CPU = Release|Any CPU
	EndGlobalSection
	GlobalSection(ProjectConfigurationPlatforms) = postSolution
		{0E7F7C60-44DA-48ED-80F4-2012A7DC027E}.Debug|Any CPU.ActiveCfg = Debug|Any CPU
		{0E7F7C60-44DA-48ED-80F4-2012A7DC027E}.Debug|Any CPU.Build.0 = Debug|Any CPU
		{0E7F7C60-44DA-48ED-80F4-2012A7DC027E}.Release|Any CPU.ActiveCfg = Release|Any CPU
		{0E7F7C60-44DA-48ED-80F4-2012A7DC027E}.Release|Any CPU.Build.0 = Release|Any CPU
	EndGlobalSection
	GlobalSection(SolutionProperties) = preSolution
		HideSolutionNode = FALSE
	EndGlobalSection
	GlobalSection(ExtensibilityGlobals) = postSolution
		SolutionGuid = {80234327-2972-4963-8230-862B01DEB12F}
	EndGlobalSection
EndGlobal
